// !$*UTF8*$!
{
	archiveVersion = 1;
	classes = {
	};
	objectVersion = 56;
	objects = {

/* Begin PBXBuildFile section */
		9E482EEB2A19F14B00AD5E04 /* NoDataError.swift in Sources */ = {isa = PBXBuildFile; fileRef = 9E482EEA2A19F14B00AD5E04 /* NoDataError.swift */; };
		9EBD80B32A15F1210013C909 /* SettingsView.swift in Sources */ = {isa = PBXBuildFile; fileRef = 9EBD80B22A15F1210013C909 /* SettingsView.swift */; };
		9EE4B38E29FF62F30045B762 /* SchoolHelperApp.swift in Sources */ = {isa = PBXBuildFile; fileRef = 9EE4B38D29FF62F30045B762 /* SchoolHelperApp.swift */; };
		9EE4B39229FF62F40045B762 /* Assets.xcassets in Resources */ = {isa = PBXBuildFile; fileRef = 9EE4B39129FF62F40045B762 /* Assets.xcassets */; };
		9EE4B39529FF62F40045B762 /* Preview Assets.xcassets in Resources */ = {isa = PBXBuildFile; fileRef = 9EE4B39429FF62F40045B762 /* Preview Assets.xcassets */; };
		9EE4B3A429FF633A0045B762 /* TimeTableModel.swift in Sources */ = {isa = PBXBuildFile; fileRef = 9EE4B3A229FF633A0045B762 /* TimeTableModel.swift */; };
		9EE4B3A529FF633A0045B762 /* MealModel.swift in Sources */ = {isa = PBXBuildFile; fileRef = 9EE4B3A329FF633A0045B762 /* MealModel.swift */; };
		9EE4B3AB29FF63410045B762 /* TimeTableView.swift in Sources */ = {isa = PBXBuildFile; fileRef = 9EE4B3A729FF63410045B762 /* TimeTableView.swift */; };
		9EE4B3AC29FF63410045B762 /* MainView.swift in Sources */ = {isa = PBXBuildFile; fileRef = 9EE4B3A829FF63410045B762 /* MainView.swift */; };
		9EE4B3AD29FF63410045B762 /* MealView.swift in Sources */ = {isa = PBXBuildFile; fileRef = 9EE4B3A929FF63410045B762 /* MealView.swift */; };
		9EE4B3AE29FF63410045B762 /* ErrorView.swift in Sources */ = {isa = PBXBuildFile; fileRef = 9EE4B3AA29FF63410045B762 /* ErrorView.swift */; };
/* End PBXBuildFile section */

/* Begin PBXFileReference section */
		9E482EEA2A19F14B00AD5E04 /* NoDataError.swift */ = {isa = PBXFileReference; lastKnownFileType = sourcecode.swift; path = NoDataError.swift; sourceTree = "<group>"; };
		9E4CF30029FF72A700462C9E /* SwiftUI.framework */ = {isa = PBXFileReference; lastKnownFileType = wrapper.framework; name = SwiftUI.framework; path = System/Library/Frameworks/SwiftUI.framework; sourceTree = SDKROOT; };
		9EBD80B22A15F1210013C909 /* SettingsView.swift */ = {isa = PBXFileReference; lastKnownFileType = sourcecode.swift; path = SettingsView.swift; sourceTree = "<group>"; };
		9EE4B38829FF62F30045B762 /* SchoolHelper Watch App.app */ = {isa = PBXFileReference; explicitFileType = wrapper.application; includeInIndex = 0; path = "SchoolHelper Watch App.app"; sourceTree = BUILT_PRODUCTS_DIR; };
		9EE4B38D29FF62F30045B762 /* SchoolHelperApp.swift */ = {isa = PBXFileReference; lastKnownFileType = sourcecode.swift; path = SchoolHelperApp.swift; sourceTree = "<group>"; };
		9EE4B39129FF62F40045B762 /* Assets.xcassets */ = {isa = PBXFileReference; lastKnownFileType = folder.assetcatalog; path = Assets.xcassets; sourceTree = "<group>"; };
		9EE4B39429FF62F40045B762 /* Preview Assets.xcassets */ = {isa = PBXFileReference; lastKnownFileType = folder.assetcatalog; path = "Preview Assets.xcassets"; sourceTree = "<group>"; };
		9EE4B3A229FF633A0045B762 /* TimeTableModel.swift */ = {isa = PBXFileReference; fileEncoding = 4; lastKnownFileType = sourcecode.swift; path = TimeTableModel.swift; sourceTree = "<group>"; };
		9EE4B3A329FF633A0045B762 /* MealModel.swift */ = {isa = PBXFileReference; fileEncoding = 4; lastKnownFileType = sourcecode.swift; path = MealModel.swift; sourceTree = "<group>"; };
		9EE4B3A729FF63410045B762 /* TimeTableView.swift */ = {isa = PBXFileReference; fileEncoding = 4; lastKnownFileType = sourcecode.swift; path = TimeTableView.swift; sourceTree = "<group>"; };
		9EE4B3A829FF63410045B762 /* MainView.swift */ = {isa = PBXFileReference; fileEncoding = 4; lastKnownFileType = sourcecode.swift; path = MainView.swift; sourceTree = "<group>"; };
		9EE4B3A929FF63410045B762 /* MealView.swift */ = {isa = PBXFileReference; fileEncoding = 4; lastKnownFileType = sourcecode.swift; path = MealView.swift; sourceTree = "<group>"; };
		9EE4B3AA29FF63410045B762 /* ErrorView.swift */ = {isa = PBXFileReference; fileEncoding = 4; lastKnownFileType = sourcecode.swift; path = ErrorView.swift; sourceTree = "<group>"; };
/* End PBXFileReference section */

/* Begin PBXFrameworksBuildPhase section */
		9EE4B38529FF62F30045B762 /* Frameworks */ = {
			isa = PBXFrameworksBuildPhase;
			buildActionMask = 2147483647;
			files = (
			);
			runOnlyForDeploymentPostprocessing = 0;
		};
/* End PBXFrameworksBuildPhase section */

/* Begin PBXGroup section */
		9E482EE92A19F13800AD5E04 /* Error */ = {
			isa = PBXGroup;
			children = (
				9E482EEA2A19F14B00AD5E04 /* NoDataError.swift */,
			);
			path = Error;
			sourceTree = "<group>";
		};
		9E4CF2FD29FF72A700462C9E /* Frameworks */ = {
			isa = PBXGroup;
			children = (
				9E4CF30029FF72A700462C9E /* SwiftUI.framework */,
			);
			name = Frameworks;
			sourceTree = "<group>";
		};
		9EE4B36F29FF62F20045B762 = {
			isa = PBXGroup;
			children = (
				9EE4B38C29FF62F30045B762 /* SchoolHelper Watch App */,
				9E4CF2FD29FF72A700462C9E /* Frameworks */,
				9EE4B37929FF62F20045B762 /* Products */,
			);
			sourceTree = "<group>";
		};
		9EE4B37929FF62F20045B762 /* Products */ = {
			isa = PBXGroup;
			children = (
				9EE4B38829FF62F30045B762 /* SchoolHelper Watch App.app */,
			);
			name = Products;
			sourceTree = "<group>";
		};
		9EE4B38C29FF62F30045B762 /* SchoolHelper Watch App */ = {
			isa = PBXGroup;
			children = (
				9E482EE92A19F13800AD5E04 /* Error */,
				9EE4B3A629FF63410045B762 /* View */,
				9EE4B3A129FF633A0045B762 /* Model */,
				9EE4B38D29FF62F30045B762 /* SchoolHelperApp.swift */,
				9EE4B39129FF62F40045B762 /* Assets.xcassets */,
				9EE4B39329FF62F40045B762 /* Preview Content */,
			);
			path = "SchoolHelper Watch App";
			sourceTree = "<group>";
		};
		9EE4B39329FF62F40045B762 /* Preview Content */ = {
			isa = PBXGroup;
			children = (
				9EE4B39429FF62F40045B762 /* Preview Assets.xcassets */,
			);
			path = "Preview Content";
			sourceTree = "<group>";
		};
		9EE4B3A129FF633A0045B762 /* Model */ = {
			isa = PBXGroup;
			children = (
				9EE4B3A229FF633A0045B762 /* TimeTableModel.swift */,
				9EE4B3A329FF633A0045B762 /* MealModel.swift */,
			);
			path = Model;
			sourceTree = "<group>";
		};
		9EE4B3A629FF63410045B762 /* View */ = {
			isa = PBXGroup;
			children = (
				9EE4B3A729FF63410045B762 /* TimeTableView.swift */,
				9EE4B3A829FF63410045B762 /* MainView.swift */,
				9EE4B3A929FF63410045B762 /* MealView.swift */,
				9EE4B3AA29FF63410045B762 /* ErrorView.swift */,
				9EBD80B22A15F1210013C909 /* SettingsView.swift */,
			);
			path = View;
			sourceTree = "<group>";
		};
/* End PBXGroup section */

/* Begin PBXNativeTarget section */
		9EE4B38729FF62F30045B762 /* SchoolHelper Watch App */ = {
			isa = PBXNativeTarget;
			buildConfigurationList = 9EE4B39829FF62F40045B762 /* Build configuration list for PBXNativeTarget "SchoolHelper Watch App" */;
			buildPhases = (
				9EE4B38429FF62F30045B762 /* Sources */,
				9EE4B38529FF62F30045B762 /* Frameworks */,
				9EE4B38629FF62F30045B762 /* Resources */,
			);
			buildRules = (
			);
			dependencies = (
			);
			name = "SchoolHelper Watch App";
			productName = "SchoolHelper Watch App";
			productReference = 9EE4B38829FF62F30045B762 /* SchoolHelper Watch App.app */;
			productType = "com.apple.product-type.application";
		};
/* End PBXNativeTarget section */

/* Begin PBXProject section */
		9EE4B37029FF62F20045B762 /* Project object */ = {
			isa = PBXProject;
			attributes = {
				BuildIndependentTargetsInParallel = 1;
				LastSwiftUpdateCheck = 1430;
				LastUpgradeCheck = 1430;
				TargetAttributes = {
					9EE4B38729FF62F30045B762 = {
						CreatedOnToolsVersion = 14.3;
					};
				};
			};
			buildConfigurationList = 9EE4B37329FF62F20045B762 /* Build configuration list for PBXProject "SchoolHelper" */;
			compatibilityVersion = "Xcode 14.0";
			developmentRegion = en;
			hasScannedForEncodings = 0;
			knownRegions = (
				en,
				Base,
			);
			mainGroup = 9EE4B36F29FF62F20045B762;
			productRefGroup = 9EE4B37929FF62F20045B762 /* Products */;
			projectDirPath = "";
			projectRoot = "";
			targets = (
				9EE4B38729FF62F30045B762 /* SchoolHelper Watch App */,
			);
		};
/* End PBXProject section */

/* Begin PBXResourcesBuildPhase section */
		9EE4B38629FF62F30045B762 /* Resources */ = {
			isa = PBXResourcesBuildPhase;
			buildActionMask = 2147483647;
			files = (
				9EE4B39529FF62F40045B762 /* Preview Assets.xcassets in Resources */,
				9EE4B39229FF62F40045B762 /* Assets.xcassets in Resources */,
			);
			runOnlyForDeploymentPostprocessing = 0;
		};
/* End PBXResourcesBuildPhase section */

/* Begin PBXSourcesBuildPhase section */
		9EE4B38429FF62F30045B762 /* Sources */ = {
			isa = PBXSourcesBuildPhase;
			buildActionMask = 2147483647;
			files = (
				9EE4B3AC29FF63410045B762 /* MainView.swift in Sources */,
				9EBD80B32A15F1210013C909 /* SettingsView.swift in Sources */,
				9E482EEB2A19F14B00AD5E04 /* NoDataError.swift in Sources */,
				9EE4B3A429FF633A0045B762 /* TimeTableModel.swift in Sources */,
				9EE4B3AD29FF63410045B762 /* MealView.swift in Sources */,
				9EE4B3A529FF633A0045B762 /* MealModel.swift in Sources */,
				9EE4B3AB29FF63410045B762 /* TimeTableView.swift in Sources */,
				9EE4B38E29FF62F30045B762 /* SchoolHelperApp.swift in Sources */,
				9EE4B3AE29FF63410045B762 /* ErrorView.swift in Sources */,
			);
			runOnlyForDeploymentPostprocessing = 0;
		};
/* End PBXSourcesBuildPhase section */

/* Begin XCBuildConfiguration section */
		9EE4B39629FF62F40045B762 /* Debug */ = {
			isa = XCBuildConfiguration;
			buildSettings = {
				ALWAYS_SEARCH_USER_PATHS = NO;
				CLANG_ANALYZER_NONNULL = YES;
				CLANG_ANALYZER_NUMBER_OBJECT_CONVERSION = YES_AGGRESSIVE;
				CLANG_CXX_LANGUAGE_STANDARD = "gnu++20";
				CLANG_ENABLE_MODULES = YES;
				CLANG_ENABLE_OBJC_ARC = YES;
				CLANG_ENABLE_OBJC_WEAK = YES;
				CLANG_WARN_BLOCK_CAPTURE_AUTORELEASING = YES;
				CLANG_WARN_BOOL_CONVERSION = YES;
				CLANG_WARN_COMMA = YES;
				CLANG_WARN_CONSTANT_CONVERSION = YES;
				CLANG_WARN_DEPRECATED_OBJC_IMPLEMENTATIONS = YES;
				CLANG_WARN_DIRECT_OBJC_ISA_USAGE = YES_ERROR;
				CLANG_WARN_DOCUMENTATION_COMMENTS = YES;
				CLANG_WARN_EMPTY_BODY = YES;
				CLANG_WARN_ENUM_CONVERSION = YES;
				CLANG_WARN_INFINITE_RECURSION = YES;
				CLANG_WARN_INT_CONVERSION = YES;
				CLANG_WARN_NON_LITERAL_NULL_CONVERSION = YES;
				CLANG_WARN_OBJC_IMPLICIT_RETAIN_SELF = YES;
				CLANG_WARN_OBJC_LITERAL_CONVERSION = YES;
				CLANG_WARN_OBJC_ROOT_CLASS = YES_ERROR;
				CLANG_WARN_QUOTED_INCLUDE_IN_FRAMEWORK_HEADER = YES;
				CLANG_WARN_RANGE_LOOP_ANALYSIS = YES;
				CLANG_WARN_STRICT_PROTOTYPES = YES;
				CLANG_WARN_SUSPICIOUS_MOVE = YES;
				CLANG_WARN_UNGUARDED_AVAILABILITY = YES_AGGRESSIVE;
				CLANG_WARN_UNREACHABLE_CODE = YES;
				CLANG_WARN__DUPLICATE_METHOD_MATCH = YES;
				COPY_PHASE_STRIP = NO;
				DEBUG_INFORMATION_FORMAT = dwarf;
				ENABLE_STRICT_OBJC_MSGSEND = YES;
				ENABLE_TESTABILITY = YES;
				GCC_C_LANGUAGE_STANDARD = gnu11;
				GCC_DYNAMIC_NO_PIC = NO;
				GCC_NO_COMMON_BLOCKS = YES;
				GCC_OPTIMIZATION_LEVEL = 0;
				GCC_PREPROCESSOR_DEFINITIONS = (
					"DEBUG=1",
					"$(inherited)",
				);
				GCC_WARN_64_TO_32_BIT_CONVERSION = YES;
				GCC_WARN_ABOUT_RETURN_TYPE = YES_ERROR;
				GCC_WARN_UNDECLARED_SELECTOR = YES;
				GCC_WARN_UNINITIALIZED_AUTOS = YES_AGGRESSIVE;
				GCC_WARN_UNUSED_FUNCTION = YES;
				GCC_WARN_UNUSED_VARIABLE = YES;
				MTL_ENABLE_DEBUG_INFO = INCLUDE_SOURCE;
				MTL_FAST_MATH = YES;
				ONLY_ACTIVE_ARCH = YES;
				SWIFT_ACTIVE_COMPILATION_CONDITIONS = DEBUG;
				SWIFT_OPTIMIZATION_LEVEL = "-Onone";
				WATCHOS_DEPLOYMENT_TARGET = 9.0;
			};
			name = Debug;
		};
		9EE4B39729FF62F40045B762 /* Release */ = {
			isa = XCBuildConfiguration;
			buildSettings = {
				ALWAYS_SEARCH_USER_PATHS = NO;
				CLANG_ANALYZER_NONNULL = YES;
				CLANG_ANALYZER_NUMBER_OBJECT_CONVERSION = YES_AGGRESSIVE;
				CLANG_CXX_LANGUAGE_STANDARD = "gnu++20";
				CLANG_ENABLE_MODULES = YES;
				CLANG_ENABLE_OBJC_ARC = YES;
				CLANG_ENABLE_OBJC_WEAK = YES;
				CLANG_WARN_BLOCK_CAPTURE_AUTORELEASING = YES;
				CLANG_WARN_BOOL_CONVERSION = YES;
				CLANG_WARN_COMMA = YES;
				CLANG_WARN_CONSTANT_CONVERSION = YES;
				CLANG_WARN_DEPRECATED_OBJC_IMPLEMENTATIONS = YES;
				CLANG_WARN_DIRECT_OBJC_ISA_USAGE = YES_ERROR;
				CLANG_WARN_DOCUMENTATION_COMMENTS = YES;
				CLANG_WARN_EMPTY_BODY = YES;
				CLANG_WARN_ENUM_CONVERSION = YES;
				CLANG_WARN_INFINITE_RECURSION = YES;
				CLANG_WARN_INT_CONVERSION = YES;
				CLANG_WARN_NON_LITERAL_NULL_CONVERSION = YES;
				CLANG_WARN_OBJC_IMPLICIT_RETAIN_SELF = YES;
				CLANG_WARN_OBJC_LITERAL_CONVERSION = YES;
				CLANG_WARN_OBJC_ROOT_CLASS = YES_ERROR;
				CLANG_WARN_QUOTED_INCLUDE_IN_FRAMEWORK_HEADER = YES;
				CLANG_WARN_RANGE_LOOP_ANALYSIS = YES;
				CLANG_WARN_STRICT_PROTOTYPES = YES;
				CLANG_WARN_SUSPICIOUS_MOVE = YES;
				CLANG_WARN_UNGUARDED_AVAILABILITY = YES_AGGRESSIVE;
				CLANG_WARN_UNREACHABLE_CODE = YES;
				CLANG_WARN__DUPLICATE_METHOD_MATCH = YES;
				COPY_PHASE_STRIP = NO;
				DEBUG_INFORMATION_FORMAT = "dwarf-with-dsym";
				ENABLE_NS_ASSERTIONS = NO;
				ENABLE_STRICT_OBJC_MSGSEND = YES;
				GCC_C_LANGUAGE_STANDARD = gnu11;
				GCC_NO_COMMON_BLOCKS = YES;
				GCC_WARN_64_TO_32_BIT_CONVERSION = YES;
				GCC_WARN_ABOUT_RETURN_TYPE = YES_ERROR;
				GCC_WARN_UNDECLARED_SELECTOR = YES;
				GCC_WARN_UNINITIALIZED_AUTOS = YES_AGGRESSIVE;
				GCC_WARN_UNUSED_FUNCTION = YES;
				GCC_WARN_UNUSED_VARIABLE = YES;
				MTL_ENABLE_DEBUG_INFO = NO;
				MTL_FAST_MATH = YES;
				SWIFT_COMPILATION_MODE = wholemodule;
				SWIFT_OPTIMIZATION_LEVEL = "-O";
				WATCHOS_DEPLOYMENT_TARGET = 9.0;
			};
			name = Release;
		};
		9EE4B39929FF62F40045B762 /* Debug */ = {
			isa = XCBuildConfiguration;
			buildSettings = {
				ASSETCATALOG_COMPILER_APPICON_NAME = AppIcon;
				ASSETCATALOG_COMPILER_GLOBAL_ACCENT_COLOR_NAME = AccentColor;
				CODE_SIGN_STYLE = Automatic;
				CURRENT_PROJECT_VERSION = 1;
				DEVELOPMENT_ASSET_PATHS = "\"SchoolHelper Watch App/Preview Content\"";
				DEVELOPMENT_TEAM = 696F6L9K57;
				ENABLE_PREVIEWS = YES;
				GENERATE_INFOPLIST_FILE = YES;
				INFOPLIST_FILE = "SchoolHelper-Watch-App-Info.plist";
				INFOPLIST_KEY_CFBundleDisplayName = SchoolHelper;
				INFOPLIST_KEY_UISupportedInterfaceOrientations = "UIInterfaceOrientationPortrait UIInterfaceOrientationPortraitUpsideDown";
				INFOPLIST_KEY_WKCompanionAppBundleIdentifier = "com.github.ioloolo.school-helper.SchoolHelper";
				LD_RUNPATH_SEARCH_PATHS = (
					"$(inherited)",
					"@executable_path/Frameworks",
				);
				MARKETING_VERSION = 1.0;
				PRODUCT_BUNDLE_IDENTIFIER = "com.github.ioloolo.school-helper.SchoolHelper.watchkitapp";
				PRODUCT_NAME = "$(TARGET_NAME)";
				SDKROOT = watchos;
				SKIP_INSTALL = YES;
				SWIFT_EMIT_LOC_STRINGS = YES;
				SWIFT_VERSION = 5.0;
				TARGETED_DEVICE_FAMILY = 4;
				WATCHOS_DEPLOYMENT_TARGET = 9.0;
			};
			name = Debug;
		};
		9EE4B39A29FF62F40045B762 /* Release */ = {
			isa = XCBuildConfiguration;
			buildSettings = {
				ASSETCATALOG_COMPILER_APPICON_NAME = AppIcon;
				ASSETCATALOG_COMPILER_GLOBAL_ACCENT_COLOR_NAME = AccentColor;
				CODE_SIGN_STYLE = Automatic;
				CURRENT_PROJECT_VERSION = 1;
				DEVELOPMENT_ASSET_PATHS = "\"SchoolHelper Watch App/Preview Content\"";
				DEVELOPMENT_TEAM = 696F6L9K57;
				ENABLE_PREVIEWS = YES;
				GENERATE_INFOPLIST_FILE = YES;
				INFOPLIST_FILE = "SchoolHelper-Watch-App-Info.plist";
				INFOPLIST_KEY_CFBundleDisplayName = SchoolHelper;
				INFOPLIST_KEY_UISupportedInterfaceOrientations = "UIInterfaceOrientationPortrait UIInterfaceOrientationPortraitUpsideDown";
				INFOPLIST_KEY_WKCompanionAppBundleIdentifier = "com.github.ioloolo.school-helper.SchoolHelper";
				LD_RUNPATH_SEARCH_PATHS = (
					"$(inherited)",
					"@executable_path/Frameworks",
				);
				MARKETING_VERSION = 1.0;
				PRODUCT_BUNDLE_IDENTIFIER = "com.github.ioloolo.school-helper.SchoolHelper.watchkitapp";
				PRODUCT_NAME = "$(TARGET_NAME)";
				SDKROOT = watchos;
				SKIP_INSTALL = YES;
				SWIFT_EMIT_LOC_STRINGS = YES;
				SWIFT_VERSION = 5.0;
				TARGETED_DEVICE_FAMILY = 4;
				VALIDATE_PRODUCT = YES;
				WATCHOS_DEPLOYMENT_TARGET = 9.0;
			};
			name = Release;
		};
/* End XCBuildConfiguration section */

/* Begin XCConfigurationList section */
		9EE4B37329FF62F20045B762 /* Build configuration list for PBXProject "SchoolHelper" */ = {
			isa = XCConfigurationList;
			buildConfigurations = (
				9EE4B39629FF62F40045B762 /* Debug */,
				9EE4B39729FF62F40045B762 /* Release */,
			);
			defaultConfigurationIsVisible = 0;
			defaultConfigurationName = Release;
		};
		9EE4B39829FF62F40045B762 /* Build configuration list for PBXNativeTarget "SchoolHelper Watch App" */ = {
			isa = XCConfigurationList;
			buildConfigurations = (
				9EE4B39929FF62F40045B762 /* Debug */,
				9EE4B39A29FF62F40045B762 /* Release */,
			);
			defaultConfigurationIsVisible = 0;
			defaultConfigurationName = Release;
		};
/* End XCConfigurationList section */
	};
	rootObject = 9EE4B37029FF62F20045B762 /* Project object */;
}
